
Microsoft Visual Studio Solution File, Format Version 12.00
# Visual Studio Version 17
VisualStudioVersion = 17.1.32228.430
MinimumVisualStudioVersion = 10.0.40219.1
Project("{FAE04EC0-301F-11D3-BF4B-00C04F79EFBC}") = "Problems", "Problems\Problems.csproj", "{4EFF4257-7597-4968-926B-1C30F295D60B}"
EndProject
Global
	GlobalSection(SolutionConfigurationPlatforms) = preSolution
		Debug|Any CPU = Debug|Any CPU
		Release|Any CPU = Release|Any CPU
	EndGlobalSection
	GlobalSection(ProjectConfigurationPlatforms) = postSolution
		{4EFF4257-7597-4968-926B-1C30F295D60B}.Debug|Any CPU.ActiveCfg = Debug|Any CPU
		{4EFF4257-7597-4968-926B-1C30F295D60B}.Debug|Any CPU.Build.0 = Debug|Any CPU
		{4EFF4257-7597-4968-926B-1C30F295D60B}.Release|Any CPU.ActiveCfg = Release|Any CPU
		{4EFF4257-7597-4968-926B-1C30F295D60B}.Release|Any CPU.Build.0 = Release|Any CPU
	EndGlobalSection
	GlobalSection(SolutionProperties) = preSolution
		HideSolutionNode = FALSE
	EndGlobalSection
	GlobalSection(ExtensibilityGlobals) = postSolution
		SolutionGuid = {F368295C-CE29-468C-9241-3233349BF791}
	EndGlobalSection
EndGlobal
